
Microsoft Visual Studio Solution File, Format Version 12.00
# Visual Studio Version 16
VisualStudioVersion = 16.0.31729.503
MinimumVisualStudioVersion = 10.0.40219.1
Project("{FAE04EC0-301F-11D3-BF4B-00C04F79EFBC}") = "AddressBook_UC1", "AddressBook_UC1\AddressBook_UC1.csproj", "{D22ABA15-11A7-4700-9609-B8E69005C0CB}"
EndProject
Global
	GlobalSection(SolutionConfigurationPlatforms) = preSolution
		Debug|Any CPU = Debug|Any CPU
		Release|Any CPU = Release|Any CPU
	EndGlobalSection
	GlobalSection(ProjectConfigurationPlatforms) = postSolution
		{D22ABA15-11A7-4700-9609-B8E69005C0CB}.Debug|Any CPU.ActiveCfg = Debug|Any CPU
		{D22ABA15-11A7-4700-9609-B8E69005C0CB}.Debug|Any CPU.Build.0 = Debug|Any CPU
		{D22ABA15-11A7-4700-9609-B8E69005C0CB}.Release|Any CPU.ActiveCfg = Release|Any CPU
		{D22ABA15-11A7-4700-9609-B8E69005C0CB}.Release|Any CPU.Build.0 = Release|Any CPU
	EndGlobalSection
	GlobalSection(SolutionProperties) = preSolution
		HideSolutionNode = FALSE
	EndGlobalSection
	GlobalSection(ExtensibilityGlobals) = postSolution
		SolutionGuid = {E8BDE138-389A-48F1-9804-96B9DA1BCA62}
	EndGlobalSection
EndGlobal
